
Microsoft Visual Studio Solution File, Format Version 12.00
# Visual Studio Version 16
VisualStudioVersion = 16.0.30204.135
MinimumVisualStudioVersion = 10.0.40219.1
Project("{FAE04EC0-301F-11D3-BF4B-00C04F79EFBC}") = "PhoneBookApp", "PhoneBookApp\PhoneBookApp.csproj", "{B660A4A7-A8AC-4BD4-93BA-D8A566538536}"
EndProject
Global
	GlobalSection(SolutionConfigurationPlatforms) = preSolution
		Debug|Any CPU = Debug|Any CPU
		Release|Any CPU = Release|Any CPU
	EndGlobalSection
	GlobalSection(ProjectConfigurationPlatforms) = postSolution
		{B660A4A7-A8AC-4BD4-93BA-D8A566538536}.Debug|Any CPU.ActiveCfg = Debug|Any CPU
		{B660A4A7-A8AC-4BD4-93BA-D8A566538536}.Debug|Any CPU.Build.0 = Debug|Any CPU
		{B660A4A7-A8AC-4BD4-93BA-D8A566538536}.Release|Any CPU.ActiveCfg = Release|Any CPU
		{B660A4A7-A8AC-4BD4-93BA-D8A566538536}.Release|Any CPU.Build.0 = Release|Any CPU
	EndGlobalSection
	GlobalSection(SolutionProperties) = preSolution
		HideSolutionNode = FALSE
	EndGlobalSection
	GlobalSection(ExtensibilityGlobals) = postSolution
		SolutionGuid = {A42E6F06-B8F5-494B-9A15-C844A59515B3}
	EndGlobalSection
EndGlobal
